
Microsoft Visual Studio Solution File, Format Version 12.00
# Visual Studio Version 17
VisualStudioVersion = 17.3.32819.101
MinimumVisualStudioVersion = 10.0.40219.1
Project("{FAE04EC0-301F-11D3-BF4B-00C04F79EFBC}") = "MovingZerosToTheEnd", "MovingZerosToTheEnd\MovingZerosToTheEnd.csproj", "{EE202DC0-765C-4624-91DD-FD9082E8F505}"
EndProject
Global
	GlobalSection(SolutionConfigurationPlatforms) = preSolution
		Debug|Any CPU = Debug|Any CPU
		Release|Any CPU = Release|Any CPU
	EndGlobalSection
	GlobalSection(ProjectConfigurationPlatforms) = postSolution
		{EE202DC0-765C-4624-91DD-FD9082E8F505}.Debug|Any CPU.ActiveCfg = Debug|Any CPU
		{EE202DC0-765C-4624-91DD-FD9082E8F505}.Debug|Any CPU.Build.0 = Debug|Any CPU
		{EE202DC0-765C-4624-91DD-FD9082E8F505}.Release|Any CPU.ActiveCfg = Release|Any CPU
		{EE202DC0-765C-4624-91DD-FD9082E8F505}.Release|Any CPU.Build.0 = Release|Any CPU
	EndGlobalSection
	GlobalSection(SolutionProperties) = preSolution
		HideSolutionNode = FALSE
	EndGlobalSection
	GlobalSection(ExtensibilityGlobals) = postSolution
		SolutionGuid = {CCA86095-C5E1-4794-9C62-3C936AD20A78}
	EndGlobalSection
EndGlobal
